
Microsoft Visual Studio Solution File, Format Version 12.00
# Visual Studio Version 17
VisualStudioVersion = 17.8.34525.116
MinimumVisualStudioVersion = 10.0.40219.1
Project("{FAE04EC0-301F-11D3-BF4B-00C04F79EFBC}") = "Lab14", "Lab14\Lab14.csproj", "{C5EAA1A8-DB26-4C6E-B311-689A1EFAE31C}"
EndProject
Global
	GlobalSection(SolutionConfigurationPlatforms) = preSolution
		Debug|Any CPU = Debug|Any CPU
		Release|Any CPU = Release|Any CPU
	EndGlobalSection
	GlobalSection(ProjectConfigurationPlatforms) = postSolution
		{C5EAA1A8-DB26-4C6E-B311-689A1EFAE31C}.Debug|Any CPU.ActiveCfg = Debug|Any CPU
		{C5EAA1A8-DB26-4C6E-B311-689A1EFAE31C}.Debug|Any CPU.Build.0 = Debug|Any CPU
		{C5EAA1A8-DB26-4C6E-B311-689A1EFAE31C}.Release|Any CPU.ActiveCfg = Release|Any CPU
		{C5EAA1A8-DB26-4C6E-B311-689A1EFAE31C}.Release|Any CPU.Build.0 = Release|Any CPU
	EndGlobalSection
	GlobalSection(SolutionProperties) = preSolution
		HideSolutionNode = FALSE
	EndGlobalSection
	GlobalSection(ExtensibilityGlobals) = postSolution
		SolutionGuid = {631DB903-AD92-4B0D-BEE9-F5959E69D37D}
	EndGlobalSection
EndGlobal
